
Microsoft Visual Studio Solution File, Format Version 12.00
Project("{FAE04EC0-301F-11D3-BF4B-00C04F79EFBC}") = "App", "App\App.csproj", "{9AE3EACC-C6AB-4C93-BADA-19EE1AB98869}"
EndProject
Project("{FAE04EC0-301F-11D3-BF4B-00C04F79EFBC}") = "App.Tests", "App.Tests\App.Tests.csproj", "{6895ED9B-4BDA-491C-B940-759470407CFE}"
EndProject
Global
	GlobalSection(SolutionConfigurationPlatforms) = preSolution
		Debug|Any CPU = Debug|Any CPU
		Release|Any CPU = Release|Any CPU
	EndGlobalSection
	GlobalSection(ProjectConfigurationPlatforms) = postSolution
		{9AE3EACC-C6AB-4C93-BADA-19EE1AB98869}.Debug|Any CPU.ActiveCfg = Debug|Any CPU
		{9AE3EACC-C6AB-4C93-BADA-19EE1AB98869}.Debug|Any CPU.Build.0 = Debug|Any CPU
		{9AE3EACC-C6AB-4C93-BADA-19EE1AB98869}.Release|Any CPU.ActiveCfg = Release|Any CPU
		{9AE3EACC-C6AB-4C93-BADA-19EE1AB98869}.Release|Any CPU.Build.0 = Release|Any CPU
		{6895ED9B-4BDA-491C-B940-759470407CFE}.Debug|Any CPU.ActiveCfg = Debug|Any CPU
		{6895ED9B-4BDA-491C-B940-759470407CFE}.Debug|Any CPU.Build.0 = Debug|Any CPU
		{6895ED9B-4BDA-491C-B940-759470407CFE}.Release|Any CPU.ActiveCfg = Release|Any CPU
		{6895ED9B-4BDA-491C-B940-759470407CFE}.Release|Any CPU.Build.0 = Release|Any CPU
	EndGlobalSection
EndGlobal
